
Microsoft Visual Studio Solution File, Format Version 12.00
# Visual Studio Version 17
VisualStudioVersion = 17.3.32929.385
MinimumVisualStudioVersion = 10.0.40219.1
Project("{FAE04EC0-301F-11D3-BF4B-00C04F79EFBC}") = "CustomLobbySpawner", "CustomLobbySpawner\CustomLobbySpawner.csproj", "{06EB542C-A098-4347-AF47-630E857497B4}"
EndProject
Project("{2150E333-8FDC-42A3-9474-1A3956D46DE8}") = "Solution Items", "Solution Items", "{00F0ED16-3783-4A28-B454-A317C5AD3154}"
	ProjectSection(SolutionItems) = preProject
		.editorconfig = .editorconfig
	EndProjectSection
EndProject
Global
	GlobalSection(SolutionConfigurationPlatforms) = preSolution
		Debug|Any CPU = Debug|Any CPU
		Debug|ARM64 = Debug|ARM64
		Debug|x64 = Debug|x64
		Release|Any CPU = Release|Any CPU
		Release|ARM64 = Release|ARM64
		Release|x64 = Release|x64
	EndGlobalSection
	GlobalSection(ProjectConfigurationPlatforms) = postSolution
		{06EB542C-A098-4347-AF47-630E857497B4}.Debug|Any CPU.ActiveCfg = Debug|Any CPU
		{06EB542C-A098-4347-AF47-630E857497B4}.Debug|Any CPU.Build.0 = Debug|Any CPU
		{06EB542C-A098-4347-AF47-630E857497B4}.Debug|ARM64.ActiveCfg = Debug|ARM64
		{06EB542C-A098-4347-AF47-630E857497B4}.Debug|ARM64.Build.0 = Debug|ARM64
		{06EB542C-A098-4347-AF47-630E857497B4}.Debug|x64.ActiveCfg = Debug|x64
		{06EB542C-A098-4347-AF47-630E857497B4}.Debug|x64.Build.0 = Debug|x64
		{06EB542C-A098-4347-AF47-630E857497B4}.Release|Any CPU.ActiveCfg = Release|Any CPU
		{06EB542C-A098-4347-AF47-630E857497B4}.Release|Any CPU.Build.0 = Release|Any CPU
		{06EB542C-A098-4347-AF47-630E857497B4}.Release|ARM64.ActiveCfg = Release|ARM64
		{06EB542C-A098-4347-AF47-630E857497B4}.Release|ARM64.Build.0 = Release|ARM64
		{06EB542C-A098-4347-AF47-630E857497B4}.Release|x64.ActiveCfg = Release|x64
		{06EB542C-A098-4347-AF47-630E857497B4}.Release|x64.Build.0 = Release|x64
	EndGlobalSection
	GlobalSection(SolutionProperties) = preSolution
		HideSolutionNode = FALSE
	EndGlobalSection
	GlobalSection(ExtensibilityGlobals) = postSolution
		SolutionGuid = {D497C654-FC83-4B5B-9D52-1DE3384274A5}
	EndGlobalSection
EndGlobal
